
Microsoft Visual Studio Solution File, Format Version 12.00
# Visual Studio 15
VisualStudioVersion = 15.0.27004.2008
MinimumVisualStudioVersion = 10.0.40219.1
Project("{FAE04EC0-301F-11D3-BF4B-00C04F79EFBC}") = "AppAutoComplete", "AppAutoComplete\AppAutoComplete.csproj", "{3C1B05D6-89E4-4CB4-90B7-571541CBDECD}"
EndProject
Global
	GlobalSection(SolutionConfigurationPlatforms) = preSolution
		Debug|Any CPU = Debug|Any CPU
		Release|Any CPU = Release|Any CPU
	EndGlobalSection
	GlobalSection(ProjectConfigurationPlatforms) = postSolution
		{3C1B05D6-89E4-4CB4-90B7-571541CBDECD}.Debug|Any CPU.ActiveCfg = Debug|Any CPU
		{3C1B05D6-89E4-4CB4-90B7-571541CBDECD}.Debug|Any CPU.Build.0 = Debug|Any CPU
		{3C1B05D6-89E4-4CB4-90B7-571541CBDECD}.Release|Any CPU.ActiveCfg = Release|Any CPU
		{3C1B05D6-89E4-4CB4-90B7-571541CBDECD}.Release|Any CPU.Build.0 = Release|Any CPU
	EndGlobalSection
	GlobalSection(SolutionProperties) = preSolution
		HideSolutionNode = FALSE
	EndGlobalSection
	GlobalSection(ExtensibilityGlobals) = postSolution
		SolutionGuid = {2DB78067-3552-452F-B1CB-2EF6231E4C55}
	EndGlobalSection
EndGlobal
